schema: '2.0'
stages:
  data_ingestion:
    cmd: python src/data/data_ingestion.py
    deps:
    - path: src/data/data_ingestion.py
      hash: md5
      md5: c226161a3ce946385a4a1e04f929d103
      size: 3543
    params:
      params.yaml:
        data_ingestion.test_size: 0.24
    outs:
    - path: data/raw
      hash: md5
      md5: b2e209a5f940f6fb937c65123d118cc0.dir
      size: 827973
      nfiles: 2
  data_preprocessing:
    cmd: python src/data/data_preprocessing.py
    deps:
    - path: data/raw
      hash: md5
      md5: b2e209a5f940f6fb937c65123d118cc0.dir
      size: 827973
      nfiles: 2
    - path: src/data/data_preprocessing.py
      hash: md5
      md5: 9af1d017f0a02f040d9fd1218ee2fe99
      size: 4526
    outs:
    - path: data/interim
      hash: md5
      md5: 39dba9d27ce97208b7f8c020b0538677.dir
      size: 566210
      nfiles: 2
  feature_engineering:
    cmd: python src/features/feature_engineering.py
    deps:
    - path: data/interim
      hash: md5
      md5: 39dba9d27ce97208b7f8c020b0538677.dir
      size: 566210
      nfiles: 2
    - path: src/features/feature_engineering.py
      hash: md5
      md5: 2d10772cefcc31e29ea46d73fb82b58c
      size: 3928
    params:
      params.yaml:
        feature_engineering.max_features: 50
    outs:
    - path: data/processed
      hash: md5
      md5: 1865cd311596ddacb0d4fc877eb27ebd.dir
      size: 2328694
      nfiles: 2
  model_building:
    cmd: python src/model/model_building.py
    deps:
    - path: data/processed
      hash: md5
      md5: 1865cd311596ddacb0d4fc877eb27ebd.dir
      size: 2328694
      nfiles: 2
    - path: src/model/model_building.py
      hash: md5
      md5: 3f40578f367654ddf69d219d35138db7
      size: 3136
    params:
      params.yaml:
        model_building.learning_rate: 0.1
        model_building.n_estimators: 25
    outs:
    - path: models/model.pkl
      hash: md5
      md5: de91151d08638051300e1d65702c0ac4
      size: 39202
  model_evaluation:
    cmd: python src/model/model_evaluation.py
    deps:
    - path: models/model.pkl
      hash: md5
      md5: de91151d08638051300e1d65702c0ac4
      size: 39202
    - path: src/model/model_evaluation.py
      hash: md5
      md5: c790ebd488e0e50840e8a2e6fdb3cdf5
      size: 3369
    outs:
    - path: reports/metrics.json
      hash: md5
      md5: eac760eef9dc09bfc7c6bbe641683859
      size: 145
